
Microsoft Visual Studio Solution File, Format Version 12.00
# Visual Studio Version 17
VisualStudioVersion = 17.6.33829.357
MinimumVisualStudioVersion = 10.0.40219.1
Project("{9A19103F-16F7-4668-BE54-9A1E7A4F7556}") = "Lab-1", "Lab-1\Lab-1.csproj", "{5B18F0CC-E3A9-4A07-A070-56B87E9DAE23}"
EndProject
Project("{9A19103F-16F7-4668-BE54-9A1E7A4F7556}") = "Lab-2", "Lab-2\Lab-2.csproj", "{49F15D44-2969-48AE-A520-CA5EEA83889B}"
EndProject
Project("{9A19103F-16F7-4668-BE54-9A1E7A4F7556}") = "Laboratorium3", "Lab-3\Laboratorium3.csproj", "{AEA06FDE-8C74-4A03-9D29-08F741220046}"
EndProject
Project("{9A19103F-16F7-4668-BE54-9A1E7A4F7556}") = "Data", "Data\Data.csproj", "{F5ECE842-ACDB-4599-A0E9-E3C044A89B1A}"
EndProject
Global
	GlobalSection(SolutionConfigurationPlatforms) = preSolution
		Debug|Any CPU = Debug|Any CPU
		Release|Any CPU = Release|Any CPU
	EndGlobalSection
	GlobalSection(ProjectConfigurationPlatforms) = postSolution
		{5B18F0CC-E3A9-4A07-A070-56B87E9DAE23}.Debug|Any CPU.ActiveCfg = Debug|Any CPU
		{5B18F0CC-E3A9-4A07-A070-56B87E9DAE23}.Debug|Any CPU.Build.0 = Debug|Any CPU
		{5B18F0CC-E3A9-4A07-A070-56B87E9DAE23}.Release|Any CPU.ActiveCfg = Release|Any CPU
		{5B18F0CC-E3A9-4A07-A070-56B87E9DAE23}.Release|Any CPU.Build.0 = Release|Any CPU
		{49F15D44-2969-48AE-A520-CA5EEA83889B}.Debug|Any CPU.ActiveCfg = Debug|Any CPU
		{49F15D44-2969-48AE-A520-CA5EEA83889B}.Debug|Any CPU.Build.0 = Debug|Any CPU
		{49F15D44-2969-48AE-A520-CA5EEA83889B}.Release|Any CPU.ActiveCfg = Release|Any CPU
		{49F15D44-2969-48AE-A520-CA5EEA83889B}.Release|Any CPU.Build.0 = Release|Any CPU
		{AEA06FDE-8C74-4A03-9D29-08F741220046}.Debug|Any CPU.ActiveCfg = Debug|Any CPU
		{AEA06FDE-8C74-4A03-9D29-08F741220046}.Debug|Any CPU.Build.0 = Debug|Any CPU
		{AEA06FDE-8C74-4A03-9D29-08F741220046}.Release|Any CPU.ActiveCfg = Release|Any CPU
		{AEA06FDE-8C74-4A03-9D29-08F741220046}.Release|Any CPU.Build.0 = Release|Any CPU
		{F5ECE842-ACDB-4599-A0E9-E3C044A89B1A}.Debug|Any CPU.ActiveCfg = Debug|Any CPU
		{F5ECE842-ACDB-4599-A0E9-E3C044A89B1A}.Debug|Any CPU.Build.0 = Debug|Any CPU
		{F5ECE842-ACDB-4599-A0E9-E3C044A89B1A}.Release|Any CPU.ActiveCfg = Release|Any CPU
		{F5ECE842-ACDB-4599-A0E9-E3C044A89B1A}.Release|Any CPU.Build.0 = Release|Any CPU
	EndGlobalSection
	GlobalSection(SolutionProperties) = preSolution
		HideSolutionNode = FALSE
	EndGlobalSection
	GlobalSection(ExtensibilityGlobals) = postSolution
		SolutionGuid = {9E4F78F5-3DBF-4577-B5F9-C12AE44EF7C1}
	EndGlobalSection
EndGlobal
